
Microsoft Visual Studio Solution File, Format Version 12.00
# Visual Studio Version 17
VisualStudioVersion = 17.13.35919.96 d17.13
MinimumVisualStudioVersion = 10.0.40219.1
Project("{FAE04EC0-301F-11D3-BF4B-00C04F79EFBC}") = "TodoApi", "TodoApi.csproj", "{76E41E2D-EA98-4EE0-AF4B-064E1A9E2E6E}"
EndProject
Global
	GlobalSection(SolutionConfigurationPlatforms) = preSolution
		Debug|Any CPU = Debug|Any CPU
		Release|Any CPU = Release|Any CPU
	EndGlobalSection
	GlobalSection(ProjectConfigurationPlatforms) = postSolution
		{76E41E2D-EA98-4EE0-AF4B-064E1A9E2E6E}.Debug|Any CPU.ActiveCfg = Debug|Any CPU
		{76E41E2D-EA98-4EE0-AF4B-064E1A9E2E6E}.Debug|Any CPU.Build.0 = Debug|Any CPU
		{76E41E2D-EA98-4EE0-AF4B-064E1A9E2E6E}.Release|Any CPU.ActiveCfg = Release|Any CPU
		{76E41E2D-EA98-4EE0-AF4B-064E1A9E2E6E}.Release|Any CPU.Build.0 = Release|Any CPU
	EndGlobalSection
	GlobalSection(SolutionProperties) = preSolution
		HideSolutionNode = FALSE
	EndGlobalSection
	GlobalSection(ExtensibilityGlobals) = postSolution
		SolutionGuid = {B4A1967B-715C-4E47-9830-8971D25A42FF}
	EndGlobalSection
EndGlobal
